
Microsoft Visual Studio Solution File, Format Version 12.00
Project("{FAE04EC0-301F-11D3-BF4B-00C04F79EFBC}") = "TravelingSalesmanProblem", "TravelingSalesmanProblem\TravelingSalesmanProblem.csproj", "{1D9FFD34-6476-438F-8233-1AF7F6C60147}"
EndProject
Global
	GlobalSection(SolutionConfigurationPlatforms) = preSolution
		Debug|Any CPU = Debug|Any CPU
		Release|Any CPU = Release|Any CPU
	EndGlobalSection
	GlobalSection(ProjectConfigurationPlatforms) = postSolution
		{1D9FFD34-6476-438F-8233-1AF7F6C60147}.Debug|Any CPU.ActiveCfg = Debug|Any CPU
		{1D9FFD34-6476-438F-8233-1AF7F6C60147}.Debug|Any CPU.Build.0 = Debug|Any CPU
		{1D9FFD34-6476-438F-8233-1AF7F6C60147}.Release|Any CPU.ActiveCfg = Release|Any CPU
		{1D9FFD34-6476-438F-8233-1AF7F6C60147}.Release|Any CPU.Build.0 = Release|Any CPU
	EndGlobalSection
EndGlobal
