
Microsoft Visual Studio Solution File, Format Version 12.00
# Visual Studio Version 16
VisualStudioVersion = 16.0.31829.152
MinimumVisualStudioVersion = 10.0.40219.1
Project("{9A19103F-16F7-4668-BE54-9A1E7A4F7556}") = "ReflectionPractice", "ReflectionPractice\ReflectionPractice.csproj", "{4E9C81F1-3CC4-4ADB-98F0-18E2965B23BA}"
EndProject
Project("{FAE04EC0-301F-11D3-BF4B-00C04F79EFBC}") = "ReflectionPractice.Common", "ReflectionPractice.Common\ReflectionPractice.Common.csproj", "{6D959C15-8470-41E1-A8C3-CCE10B22DB99}"
EndProject
Project("{FAE04EC0-301F-11D3-BF4B-00C04F79EFBC}") = "ReflectionPractice.Services", "ReflectionPractice.Services\ReflectionPractice.Services.csproj", "{A0A6BFE6-6D2A-4CE0-B133-BD5B3B2CF07A}"
EndProject
Global
	GlobalSection(SolutionConfigurationPlatforms) = preSolution
		Debug|Any CPU = Debug|Any CPU
		Release|Any CPU = Release|Any CPU
	EndGlobalSection
	GlobalSection(ProjectConfigurationPlatforms) = postSolution
		{4E9C81F1-3CC4-4ADB-98F0-18E2965B23BA}.Debug|Any CPU.ActiveCfg = Debug|Any CPU
		{4E9C81F1-3CC4-4ADB-98F0-18E2965B23BA}.Debug|Any CPU.Build.0 = Debug|Any CPU
		{4E9C81F1-3CC4-4ADB-98F0-18E2965B23BA}.Release|Any CPU.ActiveCfg = Release|Any CPU
		{4E9C81F1-3CC4-4ADB-98F0-18E2965B23BA}.Release|Any CPU.Build.0 = Release|Any CPU
		{6D959C15-8470-41E1-A8C3-CCE10B22DB99}.Debug|Any CPU.ActiveCfg = Debug|Any CPU
		{6D959C15-8470-41E1-A8C3-CCE10B22DB99}.Debug|Any CPU.Build.0 = Debug|Any CPU
		{6D959C15-8470-41E1-A8C3-CCE10B22DB99}.Release|Any CPU.ActiveCfg = Release|Any CPU
		{6D959C15-8470-41E1-A8C3-CCE10B22DB99}.Release|Any CPU.Build.0 = Release|Any CPU
		{A0A6BFE6-6D2A-4CE0-B133-BD5B3B2CF07A}.Debug|Any CPU.ActiveCfg = Debug|Any CPU
		{A0A6BFE6-6D2A-4CE0-B133-BD5B3B2CF07A}.Debug|Any CPU.Build.0 = Debug|Any CPU
		{A0A6BFE6-6D2A-4CE0-B133-BD5B3B2CF07A}.Release|Any CPU.ActiveCfg = Release|Any CPU
		{A0A6BFE6-6D2A-4CE0-B133-BD5B3B2CF07A}.Release|Any CPU.Build.0 = Release|Any CPU
	EndGlobalSection
	GlobalSection(SolutionProperties) = preSolution
		HideSolutionNode = FALSE
	EndGlobalSection
	GlobalSection(ExtensibilityGlobals) = postSolution
		SolutionGuid = {0FA11AA4-9B2D-4C6C-BD58-936C60977120}
	EndGlobalSection
EndGlobal
